Microsoft Visual Studio Solution File, Format Version 12.00
# Visual Studio Version 17
VisualStudioVersion = 17.5.2.0
MinimumVisualStudioVersion = 10.0.40219.1
Project("{FAE04EC0-301F-11D3-BF4B-00C04F79EFBC}") = "NewProjectFromScratch", "NewProjectFromScratch.csproj", "{61410FFA-6A71-29FA-8325-DD84D8EDBE2B}"
EndProject
Global
	GlobalSection(SolutionConfigurationPlatforms) = preSolution
		Debug|Any CPU = Debug|Any CPU
		Release|Any CPU = Release|Any CPU
	EndGlobalSection
	GlobalSection(ProjectConfigurationPlatforms) = postSolution
		{61410FFA-6A71-29FA-8325-DD84D8EDBE2B}.Debug|Any CPU.ActiveCfg = Debug|Any CPU
		{61410FFA-6A71-29FA-8325-DD84D8EDBE2B}.Debug|Any CPU.Build.0 = Debug|Any CPU
		{61410FFA-6A71-29FA-8325-DD84D8EDBE2B}.Release|Any CPU.ActiveCfg = Release|Any CPU
		{61410FFA-6A71-29FA-8325-DD84D8EDBE2B}.Release|Any CPU.Build.0 = Release|Any CPU
	EndGlobalSection
	GlobalSection(SolutionProperties) = preSolution
		HideSolutionNode = FALSE
	EndGlobalSection
	GlobalSection(ExtensibilityGlobals) = postSolution
		SolutionGuid = {565EC916-8045-4A6F-BD12-7B652155D31D}
	EndGlobalSection
EndGlobal
